
Microsoft Visual Studio Solution File, Format Version 12.00
# Visual Studio Version 16
VisualStudioVersion = 16.0.31702.278
MinimumVisualStudioVersion = 10.0.40219.1
Project("{FAE04EC0-301F-11D3-BF4B-00C04F79EFBC}") = "RevitAPITraining_lab6.3", "RevitAPITraining_lab6.3\RevitAPITraining_lab6.3.csproj", "{DE967B33-AAEC-483A-BCC5-1208F69C5222}"
EndProject
Project("{FAE04EC0-301F-11D3-BF4B-00C04F79EFBC}") = "RevitAPITrainingLibrary", "..\RevitAPITrainingLibrary\RevitAPITrainingLibrary\RevitAPITrainingLibrary.csproj", "{7C682948-DDB0-4BAE-A93F-DE4A1778743F}"
EndProject
Global
	GlobalSection(SolutionConfigurationPlatforms) = preSolution
		Debug|Any CPU = Debug|Any CPU
		Release|Any CPU = Release|Any CPU
	EndGlobalSection
	GlobalSection(ProjectConfigurationPlatforms) = postSolution
		{DE967B33-AAEC-483A-BCC5-1208F69C5222}.Debug|Any CPU.ActiveCfg = Debug|Any CPU
		{DE967B33-AAEC-483A-BCC5-1208F69C5222}.Debug|Any CPU.Build.0 = Debug|Any CPU
		{DE967B33-AAEC-483A-BCC5-1208F69C5222}.Release|Any CPU.ActiveCfg = Release|Any CPU
		{DE967B33-AAEC-483A-BCC5-1208F69C5222}.Release|Any CPU.Build.0 = Release|Any CPU
		{7C682948-DDB0-4BAE-A93F-DE4A1778743F}.Debug|Any CPU.ActiveCfg = Debug|Any CPU
		{7C682948-DDB0-4BAE-A93F-DE4A1778743F}.Debug|Any CPU.Build.0 = Debug|Any CPU
		{7C682948-DDB0-4BAE-A93F-DE4A1778743F}.Release|Any CPU.ActiveCfg = Release|Any CPU
		{7C682948-DDB0-4BAE-A93F-DE4A1778743F}.Release|Any CPU.Build.0 = Release|Any CPU
	EndGlobalSection
	GlobalSection(SolutionProperties) = preSolution
		HideSolutionNode = FALSE
	EndGlobalSection
	GlobalSection(ExtensibilityGlobals) = postSolution
		SolutionGuid = {26182809-B23C-4DB3-AED1-343A5C8371B4}
	EndGlobalSection
EndGlobal
